# generated by rye
# use `rye lock` or `rye sync` to update this lockfile
#
# last locked with the following flags:
#   pre: false
#   features: []
#   all-features: false
#   with-sources: false
#   generate-hashes: false
#   universal: false

-e file:.
annotated-types==0.7.0
    # via pydantic
asttokens==2.4.1
    # via stack-data
blinker==1.8.2
    # via flask
cachetools==5.5.0
    # via google-auth
    # via tox
certifi==2024.8.30
    # via requests
chardet==5.2.0
    # via backend
    # via tox
charset-normalizer==3.3.2
    # via requests
click==8.1.7
    # via flask
colorama==0.4.6
    # via backend
    # via tox
comm==0.2.2
    # via ipykernel
contourpy==1.3.0
    # via matplotlib
cycler==0.12.1
    # via matplotlib
debugpy==1.8.5
    # via ipykernel
decorator==5.1.1
    # via ipython
distlib==0.3.9
    # via virtualenv
exceptiongroup==1.2.2
    # via ipython
executing==2.1.0
    # via stack-data
filelock==3.16.1
    # via tox
    # via virtualenv
flask==3.0.3
    # via backend
    # via flask-cors
flask-cors==5.0.0
    # via backend
fonttools==4.53.1
    # via matplotlib
google-ai-generativelanguage==0.6.6
    # via google-generativeai
google-api-core==2.19.2
    # via google-ai-generativelanguage
    # via google-api-python-client
    # via google-generativeai
google-api-python-client==2.144.0
    # via google-generativeai
google-auth==2.34.0
    # via google-ai-generativelanguage
    # via google-api-core
    # via google-api-python-client
    # via google-auth-httplib2
    # via google-generativeai
google-auth-httplib2==0.2.0
    # via google-api-python-client
google-generativeai==0.7.2
    # via backend
googleapis-common-protos==1.65.0
    # via google-api-core
    # via grpcio-status
grpcio==1.66.1
    # via google-api-core
    # via grpcio-status
grpcio-status==1.62.3
    # via google-api-core
httplib2==0.22.0
    # via google-api-python-client
    # via google-auth-httplib2
idna==3.8
    # via requests
ipykernel==6.29.5
    # via backend
ipython==8.27.0
    # via ipykernel
itsdangerous==2.2.0
    # via flask
jedi==0.19.1
    # via ipython
jinja2==3.1.4
    # via flask
joblib==1.4.2
    # via scikit-learn
jupyter-client==8.6.2
    # via ipykernel
jupyter-core==5.7.2
    # via ipykernel
    # via jupyter-client
kiwisolver==1.4.7
    # via matplotlib
markupsafe==2.1.5
    # via jinja2
    # via werkzeug
matplotlib==3.9.2
    # via seaborn
matplotlib-inline==0.1.7
    # via ipykernel
    # via ipython
mypy==1.13.0
    # via backend
mypy-extensions==1.0.0
    # via mypy
nest-asyncio==1.6.0
    # via ipykernel
numpy==2.1.1
    # via contourpy
    # via matplotlib
    # via pandas
    # via scikit-learn
    # via scipy
    # via seaborn
packaging==24.1
    # via ipykernel
    # via matplotlib
    # via pyproject-api
    # via tox
pandas==2.2.2
    # via backend
    # via seaborn
parso==0.8.4
    # via jedi
pexpect==4.9.0
    # via ipython
pillow==10.4.0
    # via matplotlib
platformdirs==4.3.6
    # via jupyter-core
    # via tox
    # via virtualenv
pluggy==1.5.0
    # via tox
prompt-toolkit==3.0.47
    # via ipython
proto-plus==1.24.0
    # via google-ai-generativelanguage
    # via google-api-core
protobuf==4.25.4
    # via google-ai-generativelanguage
    # via google-api-core
    # via google-generativeai
    # via googleapis-common-protos
    # via grpcio-status
    # via proto-plus
psutil==6.0.0
    # via ipykernel
ptyprocess==0.7.0
    # via pexpect
pure-eval==0.2.3
    # via stack-data
pyasn1==0.6.0
    # via pyasn1-modules
    # via rsa
pyasn1-modules==0.4.0
    # via google-auth
pydantic==2.9.1
    # via google-generativeai
pydantic-core==2.23.3
    # via pydantic
pygments==2.18.0
    # via ipython
pyparsing==3.1.4
    # via httplib2
    # via matplotlib
pyproject-api==1.8.0
    # via tox
python-dateutil==2.9.0.post0
    # via jupyter-client
    # via matplotlib
    # via pandas
python-dotenv==1.0.1
    # via backend
pytz==2024.1
    # via pandas
pyzmq==26.2.0
    # via ipykernel
    # via jupyter-client
requests==2.32.3
    # via google-api-core
rsa==4.9
    # via google-auth
ruff==0.7.1
    # via backend
scikit-learn==1.5.1
    # via backend
scipy==1.14.1
    # via backend
    # via scikit-learn
seaborn==0.13.2
    # via backend
six==1.16.0
    # via asttokens
    # via python-dateutil
stack-data==0.6.3
    # via ipython
threadpoolctl==3.5.0
    # via scikit-learn
tomli==2.0.2
    # via mypy
    # via pyproject-api
    # via tox
tornado==6.4.1
    # via ipykernel
    # via jupyter-client
tox==4.23.2
    # via backend
tqdm==4.66.5
    # via google-generativeai
traitlets==5.14.3
    # via comm
    # via ipykernel
    # via ipython
    # via jupyter-client
    # via jupyter-core
    # via matplotlib-inline
typing-extensions==4.12.2
    # via google-generativeai
    # via ipython
    # via mypy
    # via pydantic
    # via pydantic-core
    # via tox
tzdata==2024.1
    # via pandas
uritemplate==4.1.1
    # via google-api-python-client
urllib3==2.2.2
    # via requests
virtualenv==20.27.1
    # via tox
wcwidth==0.2.13
    # via prompt-toolkit
werkzeug==3.0.4
    # via flask
